
Microsoft Visual Studio Solution File, Format Version 12.00
# Visual Studio Version 17
VisualStudioVersion = 17.9.34728.123
MinimumVisualStudioVersion = 10.0.40219.1
Project("{9A19103F-16F7-4668-BE54-9A1E7A4F7556}") = "WebApi", "WebApi\WebApi.csproj", "{DD949737-1EFA-4DC2-B324-C94BFED0B14D}"
EndProject
Global
	GlobalSection(SolutionConfigurationPlatforms) = preSolution
		Debug|Any CPU = Debug|Any CPU
		Release|Any CPU = Release|Any CPU
	EndGlobalSection
	GlobalSection(ProjectConfigurationPlatforms) = postSolution
		{DD949737-1EFA-4DC2-B324-C94BFED0B14D}.Debug|Any CPU.ActiveCfg = Debug|Any CPU
		{DD949737-1EFA-4DC2-B324-C94BFED0B14D}.Debug|Any CPU.Build.0 = Debug|Any CPU
		{DD949737-1EFA-4DC2-B324-C94BFED0B14D}.Release|Any CPU.ActiveCfg = Release|Any CPU
		{DD949737-1EFA-4DC2-B324-C94BFED0B14D}.Release|Any CPU.Build.0 = Release|Any CPU
	EndGlobalSection
	GlobalSection(SolutionProperties) = preSolution
		HideSolutionNode = FALSE
	EndGlobalSection
	GlobalSection(ExtensibilityGlobals) = postSolution
		SolutionGuid = {6727D967-075F-4549-9F92-3A0EB4BFD718}
	EndGlobalSection
EndGlobal
