
Microsoft Visual Studio Solution File, Format Version 12.00
# Visual Studio Version 17
VisualStudioVersion = 17.9.34728.123
MinimumVisualStudioVersion = 10.0.40219.1
Project("{9A19103F-16F7-4668-BE54-9A1E7A4F7556}") = "WebApi", "WepApi\WebApi.csproj", "{0E182D10-7C1A-42F4-A675-6FB5AB291E59}"
EndProject
Global
	GlobalSection(SolutionConfigurationPlatforms) = preSolution
		Debug|Any CPU = Debug|Any CPU
		Release|Any CPU = Release|Any CPU
	EndGlobalSection
	GlobalSection(ProjectConfigurationPlatforms) = postSolution
		{0E182D10-7C1A-42F4-A675-6FB5AB291E59}.Debug|Any CPU.ActiveCfg = Debug|Any CPU
		{0E182D10-7C1A-42F4-A675-6FB5AB291E59}.Debug|Any CPU.Build.0 = Debug|Any CPU
		{0E182D10-7C1A-42F4-A675-6FB5AB291E59}.Release|Any CPU.ActiveCfg = Release|Any CPU
		{0E182D10-7C1A-42F4-A675-6FB5AB291E59}.Release|Any CPU.Build.0 = Release|Any CPU
	EndGlobalSection
	GlobalSection(SolutionProperties) = preSolution
		HideSolutionNode = FALSE
	EndGlobalSection
	GlobalSection(ExtensibilityGlobals) = postSolution
		SolutionGuid = {A62D81F4-23F9-4726-B8B8-A680E4DEE66C}
	EndGlobalSection
EndGlobal
